
Microsoft Visual Studio Solution File, Format Version 12.00
# Visual Studio Version 17
VisualStudioVersion = 17.4.33213.308
MinimumVisualStudioVersion = 10.0.40219.1
Project("{FAE04EC0-301F-11D3-BF4B-00C04F79EFBC}") = "awi_system", "awi_system.csproj", "{C029719A-D0AC-4B8D-B654-8BA2ADCDFBD6}"
EndProject
Global
	GlobalSection(SolutionConfigurationPlatforms) = preSolution
		Debug|Any CPU = Debug|Any CPU
		Release|Any CPU = Release|Any CPU
	EndGlobalSection
	GlobalSection(ProjectConfigurationPlatforms) = postSolution
		{C029719A-D0AC-4B8D-B654-8BA2ADCDFBD6}.Debug|Any CPU.ActiveCfg = Debug|Any CPU
		{C029719A-D0AC-4B8D-B654-8BA2ADCDFBD6}.Debug|Any CPU.Build.0 = Debug|Any CPU
		{C029719A-D0AC-4B8D-B654-8BA2ADCDFBD6}.Release|Any CPU.ActiveCfg = Release|Any CPU
		{C029719A-D0AC-4B8D-B654-8BA2ADCDFBD6}.Release|Any CPU.Build.0 = Release|Any CPU
	EndGlobalSection
	GlobalSection(SolutionProperties) = preSolution
		HideSolutionNode = FALSE
	EndGlobalSection
	GlobalSection(ExtensibilityGlobals) = postSolution
		SolutionGuid = {6DC9392A-798C-452E-A82B-9D485E177C0A}
	EndGlobalSection
EndGlobal
